
Microsoft Visual Studio Solution File, Format Version 12.00
# Visual Studio Version 17
VisualStudioVersion = 17.14.36408.4
MinimumVisualStudioVersion = 10.0.40219.1
Project("{2150E333-8FDC-42A3-9474-1A3956D46DE8}") = "src", "src", "{02EA681E-C7D8-13C7-8484-4AC65E1B71E8}"
EndProject
Project("{2150E333-8FDC-42A3-9474-1A3956D46DE8}") = "tests", "tests", "{B35D7E76-3BC1-4C8C-9813-8C50ADD9D886}"
EndProject
Project("{FAE04EC0-301F-11D3-BF4B-00C04F79EFBC}") = "Domain", "src\Domain\Domain.csproj", "{B57504A1-3247-4ABF-94AC-02F595F53FD3}"
EndProject
Project("{FAE04EC0-301F-11D3-BF4B-00C04F79EFBC}") = "Application", "src\Application\Application.csproj", "{A27986BD-9D18-43B4-989A-08F85061F876}"
EndProject
Project("{FAE04EC0-301F-11D3-BF4B-00C04F79EFBC}") = "Infrastructure", "src\Infrastructure\Infrastructure.csproj", "{6CAF63CC-D9BD-428F-A1A8-A640568225A9}"
EndProject
Project("{FAE04EC0-301F-11D3-BF4B-00C04F79EFBC}") = "SharedKernel", "src\SharedKernel\SharedKernel.csproj", "{D9E92191-6F1E-4440-95E7-2E6F100D541B}"
EndProject
Project("{FAE04EC0-301F-11D3-BF4B-00C04F79EFBC}") = "Web.Api", "src\Web.Api\Web.Api\Web.Api.csproj", "{A56F5CCA-DA3D-4098-B6E9-FE38952D2ACF}"
EndProject
Global
	GlobalSection(SolutionConfigurationPlatforms) = preSolution
		Debug|Any CPU = Debug|Any CPU
		Release|Any CPU = Release|Any CPU
	EndGlobalSection
	GlobalSection(ProjectConfigurationPlatforms) = postSolution
		{B57504A1-3247-4ABF-94AC-02F595F53FD3}.Debug|Any CPU.ActiveCfg = Debug|Any CPU
		{B57504A1-3247-4ABF-94AC-02F595F53FD3}.Debug|Any CPU.Build.0 = Debug|Any CPU
		{B57504A1-3247-4ABF-94AC-02F595F53FD3}.Release|Any CPU.ActiveCfg = Release|Any CPU
		{B57504A1-3247-4ABF-94AC-02F595F53FD3}.Release|Any CPU.Build.0 = Release|Any CPU
		{A27986BD-9D18-43B4-989A-08F85061F876}.Debug|Any CPU.ActiveCfg = Debug|Any CPU
		{A27986BD-9D18-43B4-989A-08F85061F876}.Debug|Any CPU.Build.0 = Debug|Any CPU
		{A27986BD-9D18-43B4-989A-08F85061F876}.Release|Any CPU.ActiveCfg = Release|Any CPU
		{A27986BD-9D18-43B4-989A-08F85061F876}.Release|Any CPU.Build.0 = Release|Any CPU
		{6CAF63CC-D9BD-428F-A1A8-A640568225A9}.Debug|Any CPU.ActiveCfg = Debug|Any CPU
		{6CAF63CC-D9BD-428F-A1A8-A640568225A9}.Debug|Any CPU.Build.0 = Debug|Any CPU
		{6CAF63CC-D9BD-428F-A1A8-A640568225A9}.Release|Any CPU.ActiveCfg = Release|Any CPU
		{6CAF63CC-D9BD-428F-A1A8-A640568225A9}.Release|Any CPU.Build.0 = Release|Any CPU
		{D9E92191-6F1E-4440-95E7-2E6F100D541B}.Debug|Any CPU.ActiveCfg = Debug|Any CPU
		{D9E92191-6F1E-4440-95E7-2E6F100D541B}.Debug|Any CPU.Build.0 = Debug|Any CPU
		{D9E92191-6F1E-4440-95E7-2E6F100D541B}.Release|Any CPU.ActiveCfg = Release|Any CPU
		{D9E92191-6F1E-4440-95E7-2E6F100D541B}.Release|Any CPU.Build.0 = Release|Any CPU
		{A56F5CCA-DA3D-4098-B6E9-FE38952D2ACF}.Debug|Any CPU.ActiveCfg = Debug|Any CPU
		{A56F5CCA-DA3D-4098-B6E9-FE38952D2ACF}.Debug|Any CPU.Build.0 = Debug|Any CPU
		{A56F5CCA-DA3D-4098-B6E9-FE38952D2ACF}.Release|Any CPU.ActiveCfg = Release|Any CPU
		{A56F5CCA-DA3D-4098-B6E9-FE38952D2ACF}.Release|Any CPU.Build.0 = Release|Any CPU
	EndGlobalSection
	GlobalSection(SolutionProperties) = preSolution
		HideSolutionNode = FALSE
	EndGlobalSection
	GlobalSection(NestedProjects) = preSolution
		{B57504A1-3247-4ABF-94AC-02F595F53FD3} = {02EA681E-C7D8-13C7-8484-4AC65E1B71E8}
		{A27986BD-9D18-43B4-989A-08F85061F876} = {02EA681E-C7D8-13C7-8484-4AC65E1B71E8}
		{6CAF63CC-D9BD-428F-A1A8-A640568225A9} = {02EA681E-C7D8-13C7-8484-4AC65E1B71E8}
		{D9E92191-6F1E-4440-95E7-2E6F100D541B} = {02EA681E-C7D8-13C7-8484-4AC65E1B71E8}
		{A56F5CCA-DA3D-4098-B6E9-FE38952D2ACF} = {02EA681E-C7D8-13C7-8484-4AC65E1B71E8}
	EndGlobalSection
	GlobalSection(ExtensibilityGlobals) = postSolution
		SolutionGuid = {3819E3B8-F341-4DA6-9EF3-7DEE71282F84}
	EndGlobalSection
EndGlobal
